{
  "pins" : [
    {
      "identity" : "gdterminalcolor",
      "kind" : "remoteSourceControl",
      "location" : "https://github.com/genedelisa/GDTerminalColor.git",
      "state" : {
        "revision" : "9006d485615a55a3f2870e1fe679b88804df6e6d",
        "version" : "0.1.43"
      }
    },
    {
      "identity" : "swift-argument-parser",
      "kind" : "remoteSourceControl",
      "location" : "https://github.com/apple/swift-argument-parser.git",
      "state" : {
        "revision" : "fee6933f37fde9a5e12a1e4aeaa93fe60116ff2a",
        "version" : "1.2.2"
      }
    },
    {
      "identity" : "swift-docc-plugin",
      "kind" : "remoteSourceControl",
      "location" : "https://github.com/apple/swift-docc-plugin",
      "state" : {
        "revision" : "9b1258905c21fc1b97bf03d1b4ca12c4ec4e5fda",
        "version" : "1.2.0"
      }
    },
    {
      "identity" : "swift-docc-symbolkit",
      "kind" : "remoteSourceControl",
      "location" : "https://github.com/apple/swift-docc-symbolkit",
      "state" : {
        "revision" : "b45d1f2ed151d057b54504d653e0da5552844e34",
        "version" : "1.0.0"
      }
    }
  ],
  "version" : 2
}
